
Microsoft Visual Studio Solution File, Format Version 12.00
# Visual Studio 15
Project("{FAE04EC0-301F-11D3-BF4B-00C04F79EFBC}") = "CFXREditor", "CFXREditor.csproj", "{B2D7C803-EB25-D96E-28E9-DB1F0A4EEA60}"
EndProject
Project("{FAE04EC0-301F-11D3-BF4B-00C04F79EFBC}") = "Util", "Util.csproj", "{10A2D05F-1F87-5C8C-C549-9416211DC854}"
EndProject
Project("{FAE04EC0-301F-11D3-BF4B-00C04F79EFBC}") = "BlockPrinter", "BlockPrinter.csproj", "{6D473C27-8A1E-B464-AF31-E0D9ACC528F1}"
EndProject
Project("{FAE04EC0-301F-11D3-BF4B-00C04F79EFBC}") = "CFXRRuntime", "CFXRRuntime.csproj", "{C111E841-F029-EAD6-587D-D9F5D441D4F7}"
EndProject
Project("{FAE04EC0-301F-11D3-BF4B-00C04F79EFBC}") = "CFXRDemo", "CFXRDemo.csproj", "{5EB2A10A-5098-A3A4-A5DA-1DCB6A99B772}"
EndProject
Project("{FAE04EC0-301F-11D3-BF4B-00C04F79EFBC}") = "KinoBloom.Runtime", "KinoBloom.Runtime.csproj", "{527C0C30-3E94-439E-A7A8-E182DBC3E97B}"
EndProject
Project("{FAE04EC0-301F-11D3-BF4B-00C04F79EFBC}") = "ToonyColorsPro.Demo.Editor", "ToonyColorsPro.Demo.Editor.csproj", "{98A6C677-CA19-FFF2-D02F-6C75D0F87454}"
EndProject
Project("{FAE04EC0-301F-11D3-BF4B-00C04F79EFBC}") = "CFXR.WelcomeScreen", "CFXR.WelcomeScreen.csproj", "{15ADEEE8-1AC7-7E33-359C-9A0DA4B341A1}"
EndProject
Project("{FAE04EC0-301F-11D3-BF4B-00C04F79EFBC}") = "_Debug", "_Debug.csproj", "{E247EB56-A288-644D-6679-7CDFCC0A56AB}"
EndProject
Global
	GlobalSection(SolutionConfigurationPlatforms) = preSolution
		Debug|Any CPU = Debug|Any CPU
		Release|Any CPU = Release|Any CPU
	EndGlobalSection
	GlobalSection(ProjectConfigurationPlatforms) = postSolution
		{B2D7C803-EB25-D96E-28E9-DB1F0A4EEA60}.Debug|Any CPU.ActiveCfg = Debug|Any CPU
		{B2D7C803-EB25-D96E-28E9-DB1F0A4EEA60}.Debug|Any CPU.Build.0 = Debug|Any CPU
		{B2D7C803-EB25-D96E-28E9-DB1F0A4EEA60}.Release|Any CPU.ActiveCfg = Release|Any CPU
		{B2D7C803-EB25-D96E-28E9-DB1F0A4EEA60}.Release|Any CPU.Build.0 = Release|Any CPU
		{10A2D05F-1F87-5C8C-C549-9416211DC854}.Debug|Any CPU.ActiveCfg = Debug|Any CPU
		{10A2D05F-1F87-5C8C-C549-9416211DC854}.Debug|Any CPU.Build.0 = Debug|Any CPU
		{10A2D05F-1F87-5C8C-C549-9416211DC854}.Release|Any CPU.ActiveCfg = Release|Any CPU
		{10A2D05F-1F87-5C8C-C549-9416211DC854}.Release|Any CPU.Build.0 = Release|Any CPU
		{6D473C27-8A1E-B464-AF31-E0D9ACC528F1}.Debug|Any CPU.ActiveCfg = Debug|Any CPU
		{6D473C27-8A1E-B464-AF31-E0D9ACC528F1}.Debug|Any CPU.Build.0 = Debug|Any CPU
		{6D473C27-8A1E-B464-AF31-E0D9ACC528F1}.Release|Any CPU.ActiveCfg = Release|Any CPU
		{6D473C27-8A1E-B464-AF31-E0D9ACC528F1}.Release|Any CPU.Build.0 = Release|Any CPU
		{C111E841-F029-EAD6-587D-D9F5D441D4F7}.Debug|Any CPU.ActiveCfg = Debug|Any CPU
		{C111E841-F029-EAD6-587D-D9F5D441D4F7}.Debug|Any CPU.Build.0 = Debug|Any CPU
		{C111E841-F029-EAD6-587D-D9F5D441D4F7}.Release|Any CPU.ActiveCfg = Release|Any CPU
		{C111E841-F029-EAD6-587D-D9F5D441D4F7}.Release|Any CPU.Build.0 = Release|Any CPU
		{5EB2A10A-5098-A3A4-A5DA-1DCB6A99B772}.Debug|Any CPU.ActiveCfg = Debug|Any CPU
		{5EB2A10A-5098-A3A4-A5DA-1DCB6A99B772}.Debug|Any CPU.Build.0 = Debug|Any CPU
		{5EB2A10A-5098-A3A4-A5DA-1DCB6A99B772}.Release|Any CPU.ActiveCfg = Release|Any CPU
		{5EB2A10A-5098-A3A4-A5DA-1DCB6A99B772}.Release|Any CPU.Build.0 = Release|Any CPU
		{527C0C30-3E94-439E-A7A8-E182DBC3E97B}.Debug|Any CPU.ActiveCfg = Debug|Any CPU
		{527C0C30-3E94-439E-A7A8-E182DBC3E97B}.Debug|Any CPU.Build.0 = Debug|Any CPU
		{527C0C30-3E94-439E-A7A8-E182DBC3E97B}.Release|Any CPU.ActiveCfg = Release|Any CPU
		{527C0C30-3E94-439E-A7A8-E182DBC3E97B}.Release|Any CPU.Build.0 = Release|Any CPU
		{98A6C677-CA19-FFF2-D02F-6C75D0F87454}.Debug|Any CPU.ActiveCfg = Debug|Any CPU
		{98A6C677-CA19-FFF2-D02F-6C75D0F87454}.Debug|Any CPU.Build.0 = Debug|Any CPU
		{98A6C677-CA19-FFF2-D02F-6C75D0F87454}.Release|Any CPU.ActiveCfg = Release|Any CPU
		{98A6C677-CA19-FFF2-D02F-6C75D0F87454}.Release|Any CPU.Build.0 = Release|Any CPU
		{15ADEEE8-1AC7-7E33-359C-9A0DA4B341A1}.Debug|Any CPU.ActiveCfg = Debug|Any CPU
		{15ADEEE8-1AC7-7E33-359C-9A0DA4B341A1}.Debug|Any CPU.Build.0 = Debug|Any CPU
		{15ADEEE8-1AC7-7E33-359C-9A0DA4B341A1}.Release|Any CPU.ActiveCfg = Release|Any CPU
		{15ADEEE8-1AC7-7E33-359C-9A0DA4B341A1}.Release|Any CPU.Build.0 = Release|Any CPU
		{E247EB56-A288-644D-6679-7CDFCC0A56AB}.Debug|Any CPU.ActiveCfg = Debug|Any CPU
		{E247EB56-A288-644D-6679-7CDFCC0A56AB}.Debug|Any CPU.Build.0 = Debug|Any CPU
		{E247EB56-A288-644D-6679-7CDFCC0A56AB}.Release|Any CPU.ActiveCfg = Release|Any CPU
		{E247EB56-A288-644D-6679-7CDFCC0A56AB}.Release|Any CPU.Build.0 = Release|Any CPU
	EndGlobalSection
	GlobalSection(SolutionProperties) = preSolution
		HideSolutionNode = FALSE
	EndGlobalSection
EndGlobal
